
Microsoft Visual Studio Solution File, Format Version 12.00
# Visual Studio Version 17
VisualStudioVersion = 17.2.32630.192
MinimumVisualStudioVersion = 10.0.40219.1
Project("{FAE04EC0-301F-11D3-BF4B-00C04F79EFBC}") = "ArticleApp.Models", "ArticleApp.Models\ArticleApp.Models.csproj", "{F0CC769E-17AF-4DE0-9FF9-E9E9F8C0F50C}"
EndProject
Project("{00D1A9C2-B5F0-4AF3-8072-F6C62B433612}") = "ArticleApp.SqlServer", "ArticleApp.SqlServer\ArticleApp.SqlServer.sqlproj", "{C86FD870-93D1-4FCC-B51D-4A46C0E29158}"
EndProject
Project("{FAE04EC0-301F-11D3-BF4B-00C04F79EFBC}") = "ArticleApp.Models.Tests", "ArticleApp.Models.Tests\ArticleApp.Models.Tests.csproj", "{DC497882-5934-4BBB-84D7-96B326675B2E}"
EndProject
Global
	GlobalSection(SolutionConfigurationPlatforms) = preSolution
		Debug|Any CPU = Debug|Any CPU
		Release|Any CPU = Release|Any CPU
	EndGlobalSection
	GlobalSection(ProjectConfigurationPlatforms) = postSolution
		{F0CC769E-17AF-4DE0-9FF9-E9E9F8C0F50C}.Debug|Any CPU.ActiveCfg = Debug|Any CPU
		{F0CC769E-17AF-4DE0-9FF9-E9E9F8C0F50C}.Debug|Any CPU.Build.0 = Debug|Any CPU
		{F0CC769E-17AF-4DE0-9FF9-E9E9F8C0F50C}.Release|Any CPU.ActiveCfg = Release|Any CPU
		{F0CC769E-17AF-4DE0-9FF9-E9E9F8C0F50C}.Release|Any CPU.Build.0 = Release|Any CPU
		{C86FD870-93D1-4FCC-B51D-4A46C0E29158}.Debug|Any CPU.ActiveCfg = Debug|Any CPU
		{C86FD870-93D1-4FCC-B51D-4A46C0E29158}.Debug|Any CPU.Build.0 = Debug|Any CPU
		{C86FD870-93D1-4FCC-B51D-4A46C0E29158}.Debug|Any CPU.Deploy.0 = Debug|Any CPU
		{C86FD870-93D1-4FCC-B51D-4A46C0E29158}.Release|Any CPU.ActiveCfg = Release|Any CPU
		{C86FD870-93D1-4FCC-B51D-4A46C0E29158}.Release|Any CPU.Build.0 = Release|Any CPU
		{C86FD870-93D1-4FCC-B51D-4A46C0E29158}.Release|Any CPU.Deploy.0 = Release|Any CPU
		{DC497882-5934-4BBB-84D7-96B326675B2E}.Debug|Any CPU.ActiveCfg = Debug|Any CPU
		{DC497882-5934-4BBB-84D7-96B326675B2E}.Debug|Any CPU.Build.0 = Debug|Any CPU
		{DC497882-5934-4BBB-84D7-96B326675B2E}.Release|Any CPU.ActiveCfg = Release|Any CPU
		{DC497882-5934-4BBB-84D7-96B326675B2E}.Release|Any CPU.Build.0 = Release|Any CPU
	EndGlobalSection
	GlobalSection(SolutionProperties) = preSolution
		HideSolutionNode = FALSE
	EndGlobalSection
	GlobalSection(ExtensibilityGlobals) = postSolution
		SolutionGuid = {23C08F31-2C50-4711-B780-277A513CE899}
	EndGlobalSection
EndGlobal
